
Microsoft Visual Studio Solution File, Format Version 12.00
# Visual Studio Version 17
VisualStudioVersion = 17.11.35303.130
MinimumVisualStudioVersion = 10.0.40219.1
Project("{9A19103F-16F7-4668-BE54-9A1E7A4F7556}") = "Arner.Web", "Arner.Web.csproj", "{C34FAAEE-8E54-48D1-B045-6AA8891ADF44}"
EndProject
Project("{9A19103F-16F7-4668-BE54-9A1E7A4F7556}") = "Arner.Service", "..\Arner.Service\Arner.Service.csproj", "{658DDDFA-56B5-4888-BBAD-37EFB3E6E378}"
EndProject
Project("{9A19103F-16F7-4668-BE54-9A1E7A4F7556}") = "Arner.DataAccess", "..\Arner.DataAccess\Arner.DataAccess.csproj", "{45004461-EF13-4D92-9BF1-3FEB14C60433}"
EndProject
Project("{FAE04EC0-301F-11D3-BF4B-00C04F79EFBC}") = "Arner.API", "..\Arner.API\Arner.API.csproj", "{55191607-9F81-466C-9FA3-C1AFE9218DE9}"
EndProject
Project("{9A19103F-16F7-4668-BE54-9A1E7A4F7556}") = "Arner.Helper", "..\Arner.Helper\Arner.Helper.csproj", "{78FDA452-B3A7-47F7-9F7A-2F4FC0101C52}"
EndProject
Project("{9A19103F-16F7-4668-BE54-9A1E7A4F7556}") = "Arner.DataAccess.Test", "..\Arner.DataAccess.Test\Arner.DataAccess.Test.csproj", "{CA262226-D127-4852-B6A2-FEB8B3234DFB}"
EndProject
Project("{2150E333-8FDC-42A3-9474-1A3956D46DE8}") = "Project", "Project", "{CF99FF3B-5C8A-442C-9629-80DF9A19CB8F}"
EndProject
Project("{2150E333-8FDC-42A3-9474-1A3956D46DE8}") = "Test", "Test", "{B34ABD56-F275-406B-B1E2-218CBDFEB979}"
EndProject
Global
	GlobalSection(SolutionConfigurationPlatforms) = preSolution
		Debug|Any CPU = Debug|Any CPU
		Release|Any CPU = Release|Any CPU
	EndGlobalSection
	GlobalSection(ProjectConfigurationPlatforms) = postSolution
		{C34FAAEE-8E54-48D1-B045-6AA8891ADF44}.Debug|Any CPU.ActiveCfg = Debug|Any CPU
		{C34FAAEE-8E54-48D1-B045-6AA8891ADF44}.Debug|Any CPU.Build.0 = Debug|Any CPU
		{C34FAAEE-8E54-48D1-B045-6AA8891ADF44}.Release|Any CPU.ActiveCfg = Release|Any CPU
		{C34FAAEE-8E54-48D1-B045-6AA8891ADF44}.Release|Any CPU.Build.0 = Release|Any CPU
		{658DDDFA-56B5-4888-BBAD-37EFB3E6E378}.Debug|Any CPU.ActiveCfg = Debug|Any CPU
		{658DDDFA-56B5-4888-BBAD-37EFB3E6E378}.Debug|Any CPU.Build.0 = Debug|Any CPU
		{658DDDFA-56B5-4888-BBAD-37EFB3E6E378}.Release|Any CPU.ActiveCfg = Release|Any CPU
		{658DDDFA-56B5-4888-BBAD-37EFB3E6E378}.Release|Any CPU.Build.0 = Release|Any CPU
		{45004461-EF13-4D92-9BF1-3FEB14C60433}.Debug|Any CPU.ActiveCfg = Debug|Any CPU
		{45004461-EF13-4D92-9BF1-3FEB14C60433}.Debug|Any CPU.Build.0 = Debug|Any CPU
		{45004461-EF13-4D92-9BF1-3FEB14C60433}.Release|Any CPU.ActiveCfg = Release|Any CPU
		{45004461-EF13-4D92-9BF1-3FEB14C60433}.Release|Any CPU.Build.0 = Release|Any CPU
		{55191607-9F81-466C-9FA3-C1AFE9218DE9}.Debug|Any CPU.ActiveCfg = Debug|Any CPU
		{55191607-9F81-466C-9FA3-C1AFE9218DE9}.Debug|Any CPU.Build.0 = Debug|Any CPU
		{55191607-9F81-466C-9FA3-C1AFE9218DE9}.Release|Any CPU.ActiveCfg = Release|Any CPU
		{55191607-9F81-466C-9FA3-C1AFE9218DE9}.Release|Any CPU.Build.0 = Release|Any CPU
		{78FDA452-B3A7-47F7-9F7A-2F4FC0101C52}.Debug|Any CPU.ActiveCfg = Debug|Any CPU
		{78FDA452-B3A7-47F7-9F7A-2F4FC0101C52}.Debug|Any CPU.Build.0 = Debug|Any CPU
		{78FDA452-B3A7-47F7-9F7A-2F4FC0101C52}.Release|Any CPU.ActiveCfg = Release|Any CPU
		{78FDA452-B3A7-47F7-9F7A-2F4FC0101C52}.Release|Any CPU.Build.0 = Release|Any CPU
		{CA262226-D127-4852-B6A2-FEB8B3234DFB}.Debug|Any CPU.ActiveCfg = Debug|Any CPU
		{CA262226-D127-4852-B6A2-FEB8B3234DFB}.Debug|Any CPU.Build.0 = Debug|Any CPU
		{CA262226-D127-4852-B6A2-FEB8B3234DFB}.Release|Any CPU.ActiveCfg = Release|Any CPU
		{CA262226-D127-4852-B6A2-FEB8B3234DFB}.Release|Any CPU.Build.0 = Release|Any CPU
	EndGlobalSection
	GlobalSection(SolutionProperties) = preSolution
		HideSolutionNode = FALSE
	EndGlobalSection
	GlobalSection(NestedProjects) = preSolution
		{C34FAAEE-8E54-48D1-B045-6AA8891ADF44} = {CF99FF3B-5C8A-442C-9629-80DF9A19CB8F}
		{658DDDFA-56B5-4888-BBAD-37EFB3E6E378} = {CF99FF3B-5C8A-442C-9629-80DF9A19CB8F}
		{45004461-EF13-4D92-9BF1-3FEB14C60433} = {CF99FF3B-5C8A-442C-9629-80DF9A19CB8F}
		{55191607-9F81-466C-9FA3-C1AFE9218DE9} = {CF99FF3B-5C8A-442C-9629-80DF9A19CB8F}
		{78FDA452-B3A7-47F7-9F7A-2F4FC0101C52} = {CF99FF3B-5C8A-442C-9629-80DF9A19CB8F}
		{CA262226-D127-4852-B6A2-FEB8B3234DFB} = {B34ABD56-F275-406B-B1E2-218CBDFEB979}
	EndGlobalSection
	GlobalSection(ExtensibilityGlobals) = postSolution
		SolutionGuid = {42CBDB8C-C63E-4E84-8B9E-05E6152EFFBD}
	EndGlobalSection
EndGlobal
